
Microsoft Visual Studio Solution File, Format Version 12.00
# Visual Studio Version 17
VisualStudioVersion = 17.3.32929.385
MinimumVisualStudioVersion = 10.0.40219.1
Project("{FAE04EC0-301F-11D3-BF4B-00C04F79EFBC}") = "TaPM1", "TaPM1\TaPM1.csproj", "{8D6A5236-208A-466B-81B1-36EF3C2747EF}"
EndProject
Global
	GlobalSection(SolutionConfigurationPlatforms) = preSolution
		Debug|Any CPU = Debug|Any CPU
		Release|Any CPU = Release|Any CPU
	EndGlobalSection
	GlobalSection(ProjectConfigurationPlatforms) = postSolution
		{8D6A5236-208A-466B-81B1-36EF3C2747EF}.Debug|Any CPU.ActiveCfg = Debug|Any CPU
		{8D6A5236-208A-466B-81B1-36EF3C2747EF}.Debug|Any CPU.Build.0 = Debug|Any CPU
		{8D6A5236-208A-466B-81B1-36EF3C2747EF}.Release|Any CPU.ActiveCfg = Release|Any CPU
		{8D6A5236-208A-466B-81B1-36EF3C2747EF}.Release|Any CPU.Build.0 = Release|Any CPU
	EndGlobalSection
	GlobalSection(SolutionProperties) = preSolution
		HideSolutionNode = FALSE
	EndGlobalSection
	GlobalSection(ExtensibilityGlobals) = postSolution
		SolutionGuid = {1229D981-072A-4AA2-9BEA-CA8E88BAE203}
	EndGlobalSection
EndGlobal
